
Microsoft Visual Studio Solution File, Format Version 12.00
# Visual Studio Version 16
VisualStudioVersion = 16.0.30517.126
MinimumVisualStudioVersion = 10.0.40219.1
Project("{FAE04EC0-301F-11D3-BF4B-00C04F79EFBC}") = "Kpo4162_nmv.Main", "Kpo4162_nmv.Main.csproj", "{4382B0C3-C265-4576-BE9B-A1DFFDF161C8}"
EndProject
Project("{9A19103F-16F7-4668-BE54-9A1E7A4F7556}") = "Kpo4162_nmv.Lib", "..\Kpo4162_nmv.Lib\Kpo4162_nmv.Lib.csproj", "{DB56D1F9-8432-480A-804E-D139A90ED478}"
EndProject
Global
	GlobalSection(SolutionConfigurationPlatforms) = preSolution
		Debug|Any CPU = Debug|Any CPU
		Release|Any CPU = Release|Any CPU
	EndGlobalSection
	GlobalSection(ProjectConfigurationPlatforms) = postSolution
		{4382B0C3-C265-4576-BE9B-A1DFFDF161C8}.Debug|Any CPU.ActiveCfg = Debug|Any CPU
		{4382B0C3-C265-4576-BE9B-A1DFFDF161C8}.Debug|Any CPU.Build.0 = Debug|Any CPU
		{4382B0C3-C265-4576-BE9B-A1DFFDF161C8}.Release|Any CPU.ActiveCfg = Release|Any CPU
		{4382B0C3-C265-4576-BE9B-A1DFFDF161C8}.Release|Any CPU.Build.0 = Release|Any CPU
		{DB56D1F9-8432-480A-804E-D139A90ED478}.Debug|Any CPU.ActiveCfg = Debug|Any CPU
		{DB56D1F9-8432-480A-804E-D139A90ED478}.Debug|Any CPU.Build.0 = Debug|Any CPU
		{DB56D1F9-8432-480A-804E-D139A90ED478}.Release|Any CPU.ActiveCfg = Release|Any CPU
		{DB56D1F9-8432-480A-804E-D139A90ED478}.Release|Any CPU.Build.0 = Release|Any CPU
	EndGlobalSection
	GlobalSection(SolutionProperties) = preSolution
		HideSolutionNode = FALSE
	EndGlobalSection
	GlobalSection(ExtensibilityGlobals) = postSolution
		SolutionGuid = {232CC202-26C9-444F-AAEA-D159C78A9C9B}
	EndGlobalSection
EndGlobal
